Microsoft Visual Studio Solution File, Format Version 11.00
# Visual Studio 2008

Project("{74CCA283-3FFF-016F-AC28-8E2DAC38F21C}") = "Fruit Slash", "Assembly-CSharp.csproj", "{12096E7E-D351-2D17-6B8C-1BB3B850F543}"
EndProject
Global
	GlobalSection(SolutionConfigurationPlatforms) = preSolution
		Debug|Any CPU = Debug|Any CPU
		Release|Any CPU = Release|Any CPU
	EndGlobalSection
	GlobalSection(ProjectConfigurationPlatforms) = postSolution
		{12096E7E-D351-2D17-6B8C-1BB3B850F543}.Debug|Any CPU.ActiveCfg = Debug|Any CPU
		{12096E7E-D351-2D17-6B8C-1BB3B850F543}.Debug|Any CPU.Build.0 = Debug|Any CPU
		{12096E7E-D351-2D17-6B8C-1BB3B850F543}.Release|Any CPU.ActiveCfg = Release|Any CPU
		{12096E7E-D351-2D17-6B8C-1BB3B850F543}.Release|Any CPU.Build.0 = Release|Any CPU
	EndGlobalSection
	GlobalSection(SolutionProperties) = preSolution
		HideSolutionNode = FALSE
	EndGlobalSection
	GlobalSection(MonoDevelopProperties) = preSolution
		StartupItem = Assembly-CSharp.csproj
	EndGlobalSection
EndGlobal
